
Microsoft Visual Studio Solution File, Format Version 12.00
# Visual Studio Version 17
VisualStudioVersion = 17.8.34525.116
MinimumVisualStudioVersion = 10.0.40219.1
Project("{FAE04EC0-301F-11D3-BF4B-00C04F79EFBC}") = "OsamaBookings", "OsamaBookings\OsamaBookings.csproj", "{33B3ADC7-BC4E-4ECC-BC1D-5D0FF1946D8A}"
EndProject
Global
	GlobalSection(SolutionConfigurationPlatforms) = preSolution
		Debug|Any CPU = Debug|Any CPU
		Release|Any CPU = Release|Any CPU
	EndGlobalSection
	GlobalSection(ProjectConfigurationPlatforms) = postSolution
		{33B3ADC7-BC4E-4ECC-BC1D-5D0FF1946D8A}.Debug|Any CPU.ActiveCfg = Debug|Any CPU
		{33B3ADC7-BC4E-4ECC-BC1D-5D0FF1946D8A}.Debug|Any CPU.Build.0 = Debug|Any CPU
		{33B3ADC7-BC4E-4ECC-BC1D-5D0FF1946D8A}.Release|Any CPU.ActiveCfg = Release|Any CPU
		{33B3ADC7-BC4E-4ECC-BC1D-5D0FF1946D8A}.Release|Any CPU.Build.0 = Release|Any CPU
	EndGlobalSection
	GlobalSection(SolutionProperties) = preSolution
		HideSolutionNode = FALSE
	EndGlobalSection
	GlobalSection(ExtensibilityGlobals) = postSolution
		SolutionGuid = {FB6726A1-05C4-4130-85EB-86A017C7B5AA}
	EndGlobalSection
EndGlobal
